<Solution>
  <Folder Name="/src/">
    <Project Path="src/Jev.Net/Jev.Net.csproj" />
    <Project Path="src/Jev.Net.Generators/Jev.Net.Generators.csproj" />
  </Folder>
  <Folder Name="/tests/">
    <Project Path="tests/Jev.Net.Tests/Jev.Net.Tests.csproj" />
    <Project Path="tests/Jev.Net.Generators.Tests/Jev.Net.Generators.Tests.csproj" />
  </Folder>
</Solution>
