<Solution>
  <Folder Name="/src/">
    <Project Path="src/ZeroAlloc.Jev/ZeroAlloc.Jev.csproj" />
    <Project Path="src/ZeroAlloc.Jev.DependencyInjection/ZeroAlloc.Jev.DependencyInjection.csproj" />
    <Project Path="src/ZeroAlloc.Jev.Generator/ZeroAlloc.Jev.Generator.csproj" />
    <Project Path="src/ZeroAlloc.Jev.Analyzers/ZeroAlloc.Jev.Analyzers.csproj" />
    <Project Path="src/ZeroAlloc.Jev.CodeFixes/ZeroAlloc.Jev.CodeFixes.csproj" />
  </Folder>
  <Folder Name="/tests/">
    <Project Path="tests/ZeroAlloc.Jev.Tests/ZeroAlloc.Jev.Tests.csproj" />
    <Project Path="tests/ZeroAlloc.Jev.DependencyInjection.Tests/ZeroAlloc.Jev.DependencyInjection.Tests.csproj" />
    <Project Path="tests/ZeroAlloc.Jev.Generator.Tests/ZeroAlloc.Jev.Generator.Tests.csproj" />
    <Project Path="tests/ZeroAlloc.Jev.Analyzers.Tests/ZeroAlloc.Jev.Analyzers.Tests.csproj" />
    <Project Path="tests/ZeroAlloc.Jev.Integration.Tests/ZeroAlloc.Jev.Integration.Tests.csproj" />
    <Project Path="tests/ZeroAlloc.Jev.Live.Tests/ZeroAlloc.Jev.Live.Tests.csproj" />
    <Project Path="tests/ZeroAlloc.Jev.Docs.Tests/ZeroAlloc.Jev.Docs.Tests.csproj" />
    <Project Path="tests/ZeroAlloc.Jev.PackTests/ZeroAlloc.Jev.PackTests.csproj" />
    <Project Path="tests/ZeroAlloc.Jev.Samples.Tests/ZeroAlloc.Jev.Samples.Tests.csproj" />
  </Folder>
  <Folder Name="/samples/">
    <Project Path="samples/ZeroAlloc.Jev.AotSmoke/ZeroAlloc.Jev.AotSmoke.csproj" />
    <Project Path="samples/ZeroAlloc.Jev.Samples.Shared/ZeroAlloc.Jev.Samples.Shared.csproj" />
    <Project Path="samples/ZeroAlloc.Jev.Samples.Guardrails/ZeroAlloc.Jev.Samples.Guardrails.csproj" />
  </Folder>
  <Folder Name="/benchmarks/">
    <Project Path="benchmarks/ZeroAlloc.Jev.Benchmarks/ZeroAlloc.Jev.Benchmarks.csproj" />
  </Folder>
</Solution>
