<Solution>
  <Folder Name="/src/">
    <Project Path="src/ZeroAlloc.Jev/ZeroAlloc.Jev.csproj" />
    <Project Path="src/ZeroAlloc.Jev.Generator/ZeroAlloc.Jev.Generator.csproj" />
  </Folder>
  <Folder Name="/tests/">
    <Project Path="tests/ZeroAlloc.Jev.Tests/ZeroAlloc.Jev.Tests.csproj" />
    <Project Path="tests/ZeroAlloc.Jev.Generator.Tests/ZeroAlloc.Jev.Generator.Tests.csproj" />
    <Project Path="tests/ZeroAlloc.Jev.Integration.Tests/ZeroAlloc.Jev.Integration.Tests.csproj" />
    <Project Path="tests/ZeroAlloc.Jev.Live.Tests/ZeroAlloc.Jev.Live.Tests.csproj" />
  </Folder>
  <Folder Name="/samples/">
    <Project Path="samples/ZeroAlloc.Jev.AotSmoke/ZeroAlloc.Jev.AotSmoke.csproj" />
  </Folder>
</Solution>
